
Microsoft Visual Studio Solution File, Format Version 12.00
# Visual Studio 15
VisualStudioVersion = 15.0.27130.2024
MinimumVisualStudioVersion = 10.0.40219.1
Project("{8BC9CEB8-8B4A-11D0-8D11-00A0C91BC942}") = "APTrader", "APTrader\APTrader.vcxproj", "{5756CC17-711D-4763-84FB-FB6BA7A6756F}"
EndProject
Project("{8BC9CEB8-8B4A-11D0-8D11-00A0C91BC942}") = "APTraderApp", "APTraderApp\APTraderApp.vcxproj", "{1797117E-CC93-43D3-A0C6-8B55E19A9576}"
	ProjectSection(ProjectDependencies) = postProject
		{FD43FD4E-00A5-4E26-A65F-3FAC2111DB60} = {FD43FD4E-00A5-4E26-A65F-3FAC2111DB60}
	EndProjectSection
EndProject
Project("{8BC9CEB8-8B4A-11D0-8D11-00A0C91BC942}") = "APTraderLib", "APTrader\APTraderLib.vcxproj", "{FD43FD4E-00A5-4E26-A65F-3FAC2111DB60}"
EndProject
Global
	GlobalSection(SolutionConfigurationPlatforms) = preSolution
		Debug|x64 = Debug|x64
		Debug|x86 = Debug|x86
		Release|x64 = Release|x64
		Release|x86 = Release|x86
	EndGlobalSection
	GlobalSection(ProjectConfigurationPlatforms) = postSolution
		{5756CC17-711D-4763-84FB-FB6BA7A6756F}.Debug|x64.ActiveCfg = Debug|x64
		{5756CC17-711D-4763-84FB-FB6BA7A6756F}.Debug|x64.Build.0 = Debug|x64
		{5756CC17-711D-4763-84FB-FB6BA7A6756F}.Debug|x86.ActiveCfg = Debug|Win32
		{5756CC17-711D-4763-84FB-FB6BA7A6756F}.Debug|x86.Build.0 = Debug|Win32
		{5756CC17-711D-4763-84FB-FB6BA7A6756F}.Release|x64.ActiveCfg = Release|x64
		{5756CC17-711D-4763-84FB-FB6BA7A6756F}.Release|x64.Build.0 = Release|x64
		{5756CC17-711D-4763-84FB-FB6BA7A6756F}.Release|x86.ActiveCfg = Release|Win32
		{5756CC17-711D-4763-84FB-FB6BA7A6756F}.Release|x86.Build.0 = Release|Win32
		{1797117E-CC93-43D3-A0C6-8B55E19A9576}.Debug|x64.ActiveCfg = Debug|x64
		{1797117E-CC93-43D3-A0C6-8B55E19A9576}.Debug|x64.Build.0 = Debug|x64
		{1797117E-CC93-43D3-A0C6-8B55E19A9576}.Debug|x86.ActiveCfg = Debug|Win32
		{1797117E-CC93-43D3-A0C6-8B55E19A9576}.Debug|x86.Build.0 = Debug|Win32
		{1797117E-CC93-43D3-A0C6-8B55E19A9576}.Release|x64.ActiveCfg = Release|x64
		{1797117E-CC93-43D3-A0C6-8B55E19A9576}.Release|x64.Build.0 = Release|x64
		{1797117E-CC93-43D3-A0C6-8B55E19A9576}.Release|x86.ActiveCfg = Release|Win32
		{1797117E-CC93-43D3-A0C6-8B55E19A9576}.Release|x86.Build.0 = Release|Win32
		{FD43FD4E-00A5-4E26-A65F-3FAC2111DB60}.Debug|x64.ActiveCfg = Debug|x64
		{FD43FD4E-00A5-4E26-A65F-3FAC2111DB60}.Debug|x64.Build.0 = Debug|x64
		{FD43FD4E-00A5-4E26-A65F-3FAC2111DB60}.Debug|x86.ActiveCfg = Debug|Win32
		{FD43FD4E-00A5-4E26-A65F-3FAC2111DB60}.Debug|x86.Build.0 = Debug|Win32
		{FD43FD4E-00A5-4E26-A65F-3FAC2111DB60}.Release|x64.ActiveCfg = Release|x64
		{FD43FD4E-00A5-4E26-A65F-3FAC2111DB60}.Release|x64.Build.0 = Release|x64
		{FD43FD4E-00A5-4E26-A65F-3FAC2111DB60}.Release|x86.ActiveCfg = Release|Win32
		{FD43FD4E-00A5-4E26-A65F-3FAC2111DB60}.Release|x86.Build.0 = Release|Win32
	EndGlobalSection
	GlobalSection(SolutionProperties) = preSolution
		HideSolutionNode = FALSE
	EndGlobalSection
	GlobalSection(ExtensibilityGlobals) = postSolution
		SolutionGuid = {A6A8443A-FD69-481B-8F4D-31441B3527F9}
	EndGlobalSection
EndGlobal
